// !$*UTF8*$!
{
	archiveVersion = 1;
	classes = {
	};
	objectVersion = 46;
	objects = {

/* Begin PBXBuildFile section */
		7AC6414C1F724CB60073A9EB /* AppDelegate.swift in Sources */ = {isa = PBXBuildFile; fileRef = 7AC6414B1F724CB60073A9EB /* AppDelegate.swift */; };
		7AC6414E1F724CB60073A9EB /* ViewController.swift in Sources */ = {isa = PBXBuildFile; fileRef = 7AC6414D1F724CB60073A9EB /* ViewController.swift */; };
		7AC641511F724CB60073A9EB /* Main.storyboard in Resources */ = {isa = PBXBuildFile; fileRef = 7AC6414F1F724CB60073A9EB /* Main.storyboard */; };
		7AC641531F724CB60073A9EB /* Assets.xcassets in Resources */ = {isa = PBXBuildFile; fileRef = 7AC641521F724CB60073A9EB /* Assets.xcassets */; };
		7AC641561F724CB60073A9EB /* LaunchScreen.storyboard in Resources */ = {isa = PBXBuildFile; fileRef = 7AC641541F724CB60073A9EB /* LaunchScreen.storyboard */; };
		7AC641611F724CB60073A9EB /* WorldTrotterTests.swift in Sources */ = {isa = PBXBuildFile; fileRef = 7AC641601F724CB60073A9EB /* WorldTrotterTests.swift */; };
		7AC6416C1F724CB60073A9EB /* WorldTrotterUITests.swift in Sources */ = {isa = PBXBuildFile; fileRef = 7AC6416B1F724CB60073A9EB /* WorldTrotterUITests.swift */; };
/* End PBXBuildFile section */

/* Begin PBXContainerItemProxy section */
		7AC6415D1F724CB60073A9EB /* PBXContainerItemProxy */ = {
			isa = PBXContainerItemProxy;
			containerPortal = 7AC641401F724CB60073A9EB /* Project object */;
			proxyType = 1;
			remoteGlobalIDString = 7AC641471F724CB60073A9EB;
			remoteInfo = WorldTrotter;
		};
		7AC641681F724CB60073A9EB /* PBXContainerItemProxy */ = {
			isa = PBXContainerItemProxy;
			containerPortal = 7AC641401F724CB60073A9EB /* Project object */;
			proxyType = 1;
			remoteGlobalIDString = 7AC641471F724CB60073A9EB;
			remoteInfo = WorldTrotter;
		};
/* End PBXContainerItemProxy section */

/* Begin PBXFileReference section */
		7AC641481F724CB60073A9EB /* WorldTrotter.app */ = {isa = PBXFileReference; explicitFileType = wrapper.application; includeInIndex = 0; path = WorldTrotter.app; sourceTree = BUILT_PRODUCTS_DIR; };
		7AC6414B1F724CB60073A9EB /* AppDelegate.swift */ = {isa = PBXFileReference; lastKnownFileType = sourcecode.swift; path = AppDelegate.swift; sourceTree = "<group>"; };
		7AC6414D1F724CB60073A9EB /* ViewController.swift */ = {isa = PBXFileReference; lastKnownFileType = sourcecode.swift; path = ViewController.swift; sourceTree = "<group>"; };
		7AC641501F724CB60073A9EB /* Base */ = {isa = PBXFileReference; lastKnownFileType = file.storyboard; name = Base; path = Base.lproj/Main.storyboard; sourceTree = "<group>"; };
		7AC641521F724CB60073A9EB /* Assets.xcassets */ = {isa = PBXFileReference; lastKnownFileType = folder.assetcatalog; path = Assets.xcassets; sourceTree = "<group>"; };
		7AC641551F724CB60073A9EB /* Base */ = {isa = PBXFileReference; lastKnownFileType = file.storyboard; name = Base; path = Base.lproj/LaunchScreen.storyboard; sourceTree = "<group>"; };
		7AC641571F724CB60073A9EB /* Info.plist */ = {isa = PBXFileReference; lastKnownFileType = text.plist.xml; path = Info.plist; sourceTree = "<group>"; };
		7AC6415C1F724CB60073A9EB /* WorldTrotterTests.xctest */ = {isa = PBXFileReference; explicitFileType = wrapper.cfbundle; includeInIndex = 0; path = WorldTrotterTests.xctest; sourceTree = BUILT_PRODUCTS_DIR; };
		7AC641601F724CB60073A9EB /* WorldTrotterTests.swift */ = {isa = PBXFileReference; lastKnownFileType = sourcecode.swift; path = WorldTrotterTests.swift; sourceTree = "<group>"; };
		7AC641621F724CB60073A9EB /* Info.plist */ = {isa = PBXFileReference; lastKnownFileType = text.plist.xml; path = Info.plist; sourceTree = "<group>"; };
		7AC641671F724CB60073A9EB /* WorldTrotterUITests.xctest */ = {isa = PBXFileReference; explicitFileType = wrapper.cfbundle; includeInIndex = 0; path = WorldTrotterUITests.xctest; sourceTree = BUILT_PRODUCTS_DIR; };
		7AC6416B1F724CB60073A9EB /* WorldTrotterUITests.swift */ = {isa = PBXFileReference; lastKnownFileType = sourcecode.swift; path = WorldTrotterUITests.swift; sourceTree = "<group>"; };
		7AC6416D1F724CB60073A9EB /* Info.plist */ = {isa = PBXFileReference; lastKnownFileType = text.plist.xml; path = Info.plist; sourceTree = "<group>"; };
/* End PBXFileReference section */

/* Begin PBXFrameworksBuildPhase section */
		7AC641451F724CB60073A9EB /* Frameworks */ = {
			isa = PBXFrameworksBuildPhase;
			buildActionMask = 2147483647;
			files = (
			);
			runOnlyForDeploymentPostprocessing = 0;
		};
		7AC641591F724CB60073A9EB /* Frameworks */ = {
			isa = PBXFrameworksBuildPhase;
			buildActionMask = 2147483647;
			files = (
			);
			runOnlyForDeploymentPostprocessing = 0;
		};
		7AC641641F724CB60073A9EB /* Frameworks */ = {
			isa = PBXFrameworksBuildPhase;
			buildActionMask = 2147483647;
			files = (
			);
			runOnlyForDeploymentPostprocessing = 0;
		};
/* End PBXFrameworksBuildPhase section */

/* Begin PBXGroup section */
		7AC6413F1F724CB60073A9EB = {
			isa = PBXGroup;
			children = (
				7AC6414A1F724CB60073A9EB /* WorldTrotter */,
				7AC6415F1F724CB60073A9EB /* WorldTrotterTests */,
				7AC6416A1F724CB60073A9EB /* WorldTrotterUITests */,
				7AC641491F724CB60073A9EB /* Products */,
			);
			sourceTree = "<group>";
		};
		7AC641491F724CB60073A9EB /* Products */ = {
			isa = PBXGroup;
			children = (
				7AC641481F724CB60073A9EB /* WorldTrotter.app */,
				7AC6415C1F724CB60073A9EB /* WorldTrotterTests.xctest */,
				7AC641671F724CB60073A9EB /* WorldTrotterUITests.xctest */,
			);
			name = Products;
			sourceTree = "<group>";
		};
		7AC6414A1F724CB60073A9EB /* WorldTrotter */ = {
			isa = PBXGroup;
			children = (
				7AC6414B1F724CB60073A9EB /* AppDelegate.swift */,
				7AC6414D1F724CB60073A9EB /* ViewController.swift */,
				7AC6414F1F724CB60073A9EB /* Main.storyboard */,
				7AC641521F724CB60073A9EB /* Assets.xcassets */,
				7AC641541F724CB60073A9EB /* LaunchScreen.storyboard */,
				7AC641571F724CB60073A9EB /* Info.plist */,
			);
			path = WorldTrotter;
			sourceTree = "<group>";
		};
		7AC6415F1F724CB60073A9EB /* WorldTrotterTests */ = {
			isa = PBXGroup;
			children = (
				7AC641601F724CB60073A9EB /* WorldTrotterTests.swift */,
				7AC641621F724CB60073A9EB /* Info.plist */,
			);
			path = WorldTrotterTests;
			sourceTree = "<group>";
		};
		7AC6416A1F724CB60073A9EB /* WorldTrotterUITests */ = {
			isa = PBXGroup;
			children = (
				7AC6416B1F724CB60073A9EB /* WorldTrotterUITests.swift */,
				7AC6416D1F724CB60073A9EB /* Info.plist */,
			);
			path = WorldTrotterUITests;
			sourceTree = "<group>";
		};
/* End PBXGroup section */

/* Begin PBXNativeTarget section */
		7AC641471F724CB60073A9EB /* WorldTrotter */ = {
			isa = PBXNativeTarget;
			buildConfigurationList = 7AC641701F724CB60073A9EB /* Build configuration list for PBXNativeTarget "WorldTrotter" */;
			buildPhases = (
				7AC641441F724CB60073A9EB /* Sources */,
				7AC641451F724CB60073A9EB /* Frameworks */,
				7AC641461F724CB60073A9EB /* Resources */,
			);
			buildRules = (
			);
			dependencies = (
			);
			name = WorldTrotter;
			productName = WorldTrotter;
			productReference = 7AC641481F724CB60073A9EB /* WorldTrotter.app */;
			productType = "com.apple.product-type.application";
		};
		7AC6415B1F724CB60073A9EB /* WorldTrotterTests */ = {
			isa = PBXNativeTarget;
			buildConfigurationList = 7AC641731F724CB60073A9EB /* Build configuration list for PBXNativeTarget "WorldTrotterTests" */;
			buildPhases = (
				7AC641581F724CB60073A9EB /* Sources */,
				7AC641591F724CB60073A9EB /* Frameworks */,
				7AC6415A1F724CB60073A9EB /* Resources */,
			);
			buildRules = (
			);
			dependencies = (
				7AC6415E1F724CB60073A9EB /* PBXTargetDependency */,
			);
			name = WorldTrotterTests;
			productName = WorldTrotterTests;
			productReference = 7AC6415C1F724CB60073A9EB /* WorldTrotterTests.xctest */;
			productType = "com.apple.product-type.bundle.unit-test";
		};
		7AC641661F724CB60073A9EB /* WorldTrotterUITests */ = {
			isa = PBXNativeTarget;
			buildConfigurationList = 7AC641761F724CB60073A9EB /* Build configuration list for PBXNativeTarget "WorldTrotterUITests" */;
			buildPhases = (
				7AC641631F724CB60073A9EB /* Sources */,
				7AC641641F724CB60073A9EB /* Frameworks */,
				7AC641651F724CB60073A9EB /* Resources */,
			);
			buildRules = (
			);
			dependencies = (
				7AC641691F724CB60073A9EB /* PBXTargetDependency */,
			);
			name = WorldTrotterUITests;
			productName = WorldTrotterUITests;
			productReference = 7AC641671F724CB60073A9EB /* WorldTrotterUITests.xctest */;
			productType = "com.apple.product-type.bundle.ui-testing";
		};
/* End PBXNativeTarget section */

/* Begin PBXProject section */
		7AC641401F724CB60073A9EB /* Project object */ = {
			isa = PBXProject;
			attributes = {
				LastSwiftUpdateCheck = 0830;
				LastUpgradeCheck = 0830;
				ORGANIZATIONNAME = yeon;
				TargetAttributes = {
					7AC641471F724CB60073A9EB = {
						CreatedOnToolsVersion = 8.3.3;
						DevelopmentTeam = 8YUW62G748;
						ProvisioningStyle = Automatic;
					};
					7AC6415B1F724CB60073A9EB = {
						CreatedOnToolsVersion = 8.3.3;
						DevelopmentTeam = 8YUW62G748;
						ProvisioningStyle = Automatic;
						TestTargetID = 7AC641471F724CB60073A9EB;
					};
					7AC641661F724CB60073A9EB = {
						CreatedOnToolsVersion = 8.3.3;
						DevelopmentTeam = 8YUW62G748;
						ProvisioningStyle = Automatic;
						TestTargetID = 7AC641471F724CB60073A9EB;
					};
				};
			};
			buildConfigurationList = 7AC641431F724CB60073A9EB /* Build configuration list for PBXProject "WorldTrotter" */;
			compatibilityVersion = "Xcode 3.2";
			developmentRegion = English;
			hasScannedForEncodings = 0;
			knownRegions = (
				en,
				Base,
			);
			mainGroup = 7AC6413F1F724CB60073A9EB;
			productRefGroup = 7AC641491F724CB60073A9EB /* Products */;
			projectDirPath = "";
			projectRoot = "";
			targets = (
				7AC641471F724CB60073A9EB /* WorldTrotter */,
				7AC6415B1F724CB60073A9EB /* WorldTrotterTests */,
				7AC641661F724CB60073A9EB /* WorldTrotterUITests */,
			);
		};
/* End PBXProject section */

/* Begin PBXResourcesBuildPhase section */
		7AC641461F724CB60073A9EB /* Resources */ = {
			isa = PBXResourcesBuildPhase;
			buildActionMask = 2147483647;
			files = (
				7AC641561F724CB60073A9EB /* LaunchScreen.storyboard in Resources */,
				7AC641531F724CB60073A9EB /* Assets.xcassets in Resources */,
				7AC641511F724CB60073A9EB /* Main.storyboard in Resources */,
			);
			runOnlyForDeploymentPostprocessing = 0;
		};
		7AC6415A1F724CB60073A9EB /* Resources */ = {
			isa = PBXResourcesBuildPhase;
			buildActionMask = 2147483647;
			files = (
			);
			runOnlyForDeploymentPostprocessing = 0;
		};
		7AC641651F724CB60073A9EB /* Resources */ = {
			isa = PBXResourcesBuildPhase;
			buildActionMask = 2147483647;
			files = (
			);
			runOnlyForDeploymentPostprocessing = 0;
		};
/* End PBXResourcesBuildPhase section */

/* Begin PBXSourcesBuildPhase section */
		7AC641441F724CB60073A9EB /* Sources */ = {
			isa = PBXSourcesBuildPhase;
			buildActionMask = 2147483647;
			files = (
				7AC6414E1F724CB60073A9EB /* ViewController.swift in Sources */,
				7AC6414C1F724CB60073A9EB /* AppDelegate.swift in Sources */,
			);
			runOnlyForDeploymentPostprocessing = 0;
		};
		7AC641581F724CB60073A9EB /* Sources */ = {
			isa = PBXSourcesBuildPhase;
			buildActionMask = 2147483647;
			files = (
				7AC641611F724CB60073A9EB /* WorldTrotterTests.swift in Sources */,
			);
			runOnlyForDeploymentPostprocessing = 0;
		};
		7AC641631F724CB60073A9EB /* Sources */ = {
			isa = PBXSourcesBuildPhase;
			buildActionMask = 2147483647;
			files = (
				7AC6416C1F724CB60073A9EB /* WorldTrotterUITests.swift in Sources */,
			);
			runOnlyForDeploymentPostprocessing = 0;
		};
/* End PBXSourcesBuildPhase section */

/* Begin PBXTargetDependency section */
		7AC6415E1F724CB60073A9EB /* PBXTargetDependency */ = {
			isa = PBXTargetDependency;
			target = 7AC641471F724CB60073A9EB /* WorldTrotter */;
			targetProxy = 7AC6415D1F724CB60073A9EB /* PBXContainerItemProxy */;
		};
		7AC641691F724CB60073A9EB /* PBXTargetDependency */ = {
			isa = PBXTargetDependency;
			target = 7AC641471F724CB60073A9EB /* WorldTrotter */;
			targetProxy = 7AC641681F724CB60073A9EB /* PBXContainerItemProxy */;
		};
/* End PBXTargetDependency section */

/* Begin PBXVariantGroup section */
		7AC6414F1F724CB60073A9EB /* Main.storyboard */ = {
			isa = PBXVariantGroup;
			children = (
				7AC641501F724CB60073A9EB /* Base */,
			);
			name = Main.storyboard;
			sourceTree = "<group>";
		};
		7AC641541F724CB60073A9EB /* LaunchScreen.storyboard */ = {
			isa = PBXVariantGroup;
			children = (
				7AC641551F724CB60073A9EB /* Base */,
			);
			name = LaunchScreen.storyboard;
			sourceTree = "<group>";
		};
/* End PBXVariantGroup section */

/* Begin XCBuildConfiguration section */
		7AC6416E1F724CB60073A9EB /* Debug */ = {
			isa = XCBuildConfiguration;
			buildSettings = {
				ALWAYS_SEARCH_USER_PATHS = NO;
				CLANG_ANALYZER_NONNULL = YES;
				CLANG_ANALYZER_NUMBER_OBJECT_CONVERSION = YES_AGGRESSIVE;
				CLANG_CXX_LANGUAGE_STANDARD = "gnu++0x";
				CLANG_CXX_LIBRARY = "libc++";
				CLANG_ENABLE_MODULES = YES;
				CLANG_ENABLE_OBJC_ARC = YES;
				CLANG_WARN_BOOL_CONVERSION = YES;
				CLANG_WARN_CONSTANT_CONVERSION = YES;
				CLANG_WARN_DIRECT_OBJC_ISA_USAGE = YES_ERROR;
				CLANG_WARN_DOCUMENTATION_COMMENTS = YES;
				CLANG_WARN_EMPTY_BODY = YES;
				CLANG_WARN_ENUM_CONVERSION = YES;
				CLANG_WARN_INFINITE_RECURSION = YES;
				CLANG_WARN_INT_CONVERSION = YES;
				CLANG_WARN_OBJC_ROOT_CLASS = YES_ERROR;
				CLANG_WARN_SUSPICIOUS_MOVE = YES;
				CLANG_WARN_UNREACHABLE_CODE = YES;
				CLANG_WARN__DUPLICATE_METHOD_MATCH = YES;
				"CODE_SIGN_IDENTITY[sdk=iphoneos*]" = "iPhone Developer";
				COPY_PHASE_STRIP = NO;
				DEBUG_INFORMATION_FORMAT = dwarf;
				ENABLE_STRICT_OBJC_MSGSEND = YES;
				ENABLE_TESTABILITY = YES;
				GCC_C_LANGUAGE_STANDARD = gnu99;
				GCC_DYNAMIC_NO_PIC = NO;
				GCC_NO_COMMON_BLOCKS = YES;
				GCC_OPTIMIZATION_LEVEL = 0;
				GCC_PREPROCESSOR_DEFINITIONS = (
					"DEBUG=1",
					"$(inherited)",
				);
				GCC_WARN_64_TO_32_BIT_CONVERSION = YES;
				GCC_WARN_ABOUT_RETURN_TYPE = YES_ERROR;
				GCC_WARN_UNDECLARED_SELECTOR = YES;
				GCC_WARN_UNINITIALIZED_AUTOS = YES_AGGRESSIVE;
				GCC_WARN_UNUSED_FUNCTION = YES;
				GCC_WARN_UNUSED_VARIABLE = YES;
				IPHONEOS_DEPLOYMENT_TARGET = 10.3;
				MTL_ENABLE_DEBUG_INFO = YES;
				ONLY_ACTIVE_ARCH = YES;
				SDKROOT = iphoneos;
				SWIFT_ACTIVE_COMPILATION_CONDITIONS = DEBUG;
				SWIFT_OPTIMIZATION_LEVEL = "-Onone";
				TARGETED_DEVICE_FAMILY = "1,2";
			};
			name = Debug;
		};
		7AC6416F1F724CB60073A9EB /* Release */ = {
			isa = XCBuildConfiguration;
			buildSettings = {
				ALWAYS_SEARCH_USER_PATHS = NO;
				CLANG_ANALYZER_NONNULL = YES;
				CLANG_ANALYZER_NUMBER_OBJECT_CONVERSION = YES_AGGRESSIVE;
				CLANG_CXX_LANGUAGE_STANDARD = "gnu++0x";
				CLANG_CXX_LIBRARY = "libc++";
				CLANG_ENABLE_MODULES = YES;
				CLANG_ENABLE_OBJC_ARC = YES;
				CLANG_WARN_BOOL_CONVERSION = YES;
				CLANG_WARN_CONSTANT_CONVERSION = YES;
				CLANG_WARN_DIRECT_OBJC_ISA_USAGE = YES_ERROR;
				CLANG_WARN_DOCUMENTATION_COMMENTS = YES;
				CLANG_WARN_EMPTY_BODY = YES;
				CLANG_WARN_ENUM_CONVERSION = YES;
				CLANG_WARN_INFINITE_RECURSION = YES;
				CLANG_WARN_INT_CONVERSION = YES;
				CLANG_WARN_OBJC_ROOT_CLASS = YES_ERROR;
				CLANG_WARN_SUSPICIOUS_MOVE = YES;
				CLANG_WARN_UNREACHABLE_CODE = YES;
				CLANG_WARN__DUPLICATE_METHOD_MATCH = YES;
				"CODE_SIGN_IDENTITY[sdk=iphoneos*]" = "iPhone Developer";
				COPY_PHASE_STRIP = NO;
				DEBUG_INFORMATION_FORMAT = "dwarf-with-dsym";
				ENABLE_NS_ASSERTIONS = NO;
				ENABLE_STRICT_OBJC_MSGSEND = YES;
				GCC_C_LANGUAGE_STANDARD = gnu99;
				GCC_NO_COMMON_BLOCKS = YES;
				GCC_WARN_64_TO_32_BIT_CONVERSION = YES;
				GCC_WARN_ABOUT_RETURN_TYPE = YES_ERROR;
				GCC_WARN_UNDECLARED_SELECTOR = YES;
				GCC_WARN_UNINITIALIZED_AUTOS = YES_AGGRESSIVE;
				GCC_WARN_UNUSED_FUNCTION = YES;
				GCC_WARN_UNUSED_VARIABLE = YES;
				IPHONEOS_DEPLOYMENT_TARGET = 10.3;
				MTL_ENABLE_DEBUG_INFO = NO;
				SDKROOT = iphoneos;
				SWIFT_OPTIMIZATION_LEVEL = "-Owholemodule";
				TARGETED_DEVICE_FAMILY = "1,2";
				VALIDATE_PRODUCT = YES;
			};
			name = Release;
		};
		7AC641711F724CB60073A9EB /* Debug */ = {
			isa = XCBuildConfiguration;
			buildSettings = {
				ASSETCATALOG_COMPILER_APPICON_NAME = AppIcon;
				DEVELOPMENT_TEAM = 8YUW62G748;
				INFOPLIST_FILE = WorldTrotter/Info.plist;
				LD_RUNPATH_SEARCH_PATHS = "$(inherited) @executable_path/Frameworks";
				PRODUCT_BUNDLE_IDENTIFIER = com.yeon.WorldTrotter;
				PRODUCT_NAME = "$(TARGET_NAME)";
				SWIFT_VERSION = 3.0;
			};
			name = Debug;
		};
		7AC641721F724CB60073A9EB /* Release */ = {
			isa = XCBuildConfiguration;
			buildSettings = {
				ASSETCATALOG_COMPILER_APPICON_NAME = AppIcon;
				DEVELOPMENT_TEAM = 8YUW62G748;
				INFOPLIST_FILE = WorldTrotter/Info.plist;
				LD_RUNPATH_SEARCH_PATHS = "$(inherited) @executable_path/Frameworks";
				PRODUCT_BUNDLE_IDENTIFIER = com.yeon.WorldTrotter;
				PRODUCT_NAME = "$(TARGET_NAME)";
				SWIFT_VERSION = 3.0;
			};
			name = Release;
		};
		7AC641741F724CB60073A9EB /* Debug */ = {
			isa = XCBuildConfiguration;
			buildSettings = {
				ALWAYS_EMBED_SWIFT_STANDARD_LIBRARIES = YES;
				BUNDLE_LOADER = "$(TEST_HOST)";
				DEVELOPMENT_TEAM = 8YUW62G748;
				INFOPLIST_FILE = WorldTrotterTests/Info.plist;
				LD_RUNPATH_SEARCH_PATHS = "$(inherited) @executable_path/Frameworks @loader_path/Frameworks";
				PRODUCT_BUNDLE_IDENTIFIER = com.yeon.WorldTrotterTests;
				PRODUCT_NAME = "$(TARGET_NAME)";
				SWIFT_VERSION = 3.0;
				TEST_HOST = "$(BUILT_PRODUCTS_DIR)/WorldTrotter.app/WorldTrotter";
			};
			name = Debug;
		};
		7AC641751F724CB60073A9EB /* Release */ = {
			isa = XCBuildConfiguration;
			buildSettings = {
				ALWAYS_EMBED_SWIFT_STANDARD_LIBRARIES = YES;
				BUNDLE_LOADER = "$(TEST_HOST)";
				DEVELOPMENT_TEAM = 8YUW62G748;
				INFOPLIST_FILE = WorldTrotterTests/Info.plist;
				LD_RUNPATH_SEARCH_PATHS = "$(inherited) @executable_path/Frameworks @loader_path/Frameworks";
				PRODUCT_BUNDLE_IDENTIFIER = com.yeon.WorldTrotterTests;
				PRODUCT_NAME = "$(TARGET_NAME)";
				SWIFT_VERSION = 3.0;
				TEST_HOST = "$(BUILT_PRODUCTS_DIR)/WorldTrotter.app/WorldTrotter";
			};
			name = Release;
		};
		7AC641771F724CB60073A9EB /* Debug */ = {
			isa = XCBuildConfiguration;
			buildSettings = {
				ALWAYS_EMBED_SWIFT_STANDARD_LIBRARIES = YES;
				DEVELOPMENT_TEAM = 8YUW62G748;
				INFOPLIST_FILE = WorldTrotterUITests/Info.plist;
				LD_RUNPATH_SEARCH_PATHS = "$(inherited) @executable_path/Frameworks @loader_path/Frameworks";
				PRODUCT_BUNDLE_IDENTIFIER = com.yeon.WorldTrotterUITests;
				PRODUCT_NAME = "$(TARGET_NAME)";
				SWIFT_VERSION = 3.0;
				TEST_TARGET_NAME = WorldTrotter;
			};
			name = Debug;
		};
		7AC641781F724CB60073A9EB /* Release */ = {
			isa = XCBuildConfiguration;
			buildSettings = {
				ALWAYS_EMBED_SWIFT_STANDARD_LIBRARIES = YES;
				DEVELOPMENT_TEAM = 8YUW62G748;
				INFOPLIST_FILE = WorldTrotterUITests/Info.plist;
				LD_RUNPATH_SEARCH_PATHS = "$(inherited) @executable_path/Frameworks @loader_path/Frameworks";
				PRODUCT_BUNDLE_IDENTIFIER = com.yeon.WorldTrotterUITests;
				PRODUCT_NAME = "$(TARGET_NAME)";
				SWIFT_VERSION = 3.0;
				TEST_TARGET_NAME = WorldTrotter;
			};
			name = Release;
		};
/* End XCBuildConfiguration section */

/* Begin XCConfigurationList section */
		7AC641431F724CB60073A9EB /* Build configuration list for PBXProject "WorldTrotter" */ = {
			isa = XCConfigurationList;
			buildConfigurations = (
				7AC6416E1F724CB60073A9EB /* Debug */,
				7AC6416F1F724CB60073A9EB /* Release */,
			);
			defaultConfigurationIsVisible = 0;
			defaultConfigurationName = Release;
		};
		7AC641701F724CB60073A9EB /* Build configuration list for PBXNativeTarget "WorldTrotter" */ = {
			isa = XCConfigurationList;
			buildConfigurations = (
				7AC641711F724CB60073A9EB /* Debug */,
				7AC641721F724CB60073A9EB /* Release */,
			);
			defaultConfigurationIsVisible = 0;
		};
		7AC641731F724CB60073A9EB /* Build configuration list for PBXNativeTarget "WorldTrotterTests" */ = {
			isa = XCConfigurationList;
			buildConfigurations = (
				7AC641741F724CB60073A9EB /* Debug */,
				7AC641751F724CB60073A9EB /* Release */,
			);
			defaultConfigurationIsVisible = 0;
		};
		7AC641761F724CB60073A9EB /* Build configuration list for PBXNativeTarget "WorldTrotterUITests" */ = {
			isa = XCConfigurationList;
			buildConfigurations = (
				7AC641771F724CB60073A9EB /* Debug */,
				7AC641781F724CB60073A9EB /* Release */,
			);
			defaultConfigurationIsVisible = 0;
		};
/* End XCConfigurationList section */
	};
	rootObject = 7AC641401F724CB60073A9EB /* Project object */;
}
