// !$*UTF8*$!
{
	archiveVersion = 1;
	classes = {
	};
	objectVersion = 46;
	objects = {

/* Begin PBXBuildFile section */
		7AAE4AC31F6CDB3F003DB19E /* AppDelegate.swift in Sources */ = {isa = PBXBuildFile; fileRef = 7AAE4AC21F6CDB3F003DB19E /* AppDelegate.swift */; };
		7AAE4AC51F6CDB3F003DB19E /* ViewController.swift in Sources */ = {isa = PBXBuildFile; fileRef = 7AAE4AC41F6CDB3F003DB19E /* ViewController.swift */; };
		7AAE4AC81F6CDB3F003DB19E /* Main.storyboard in Resources */ = {isa = PBXBuildFile; fileRef = 7AAE4AC61F6CDB3F003DB19E /* Main.storyboard */; };
		7AAE4ACA1F6CDB3F003DB19E /* Assets.xcassets in Resources */ = {isa = PBXBuildFile; fileRef = 7AAE4AC91F6CDB3F003DB19E /* Assets.xcassets */; };
		7AAE4ACD1F6CDB3F003DB19E /* LaunchScreen.storyboard in Resources */ = {isa = PBXBuildFile; fileRef = 7AAE4ACB1F6CDB3F003DB19E /* LaunchScreen.storyboard */; };
		7AAE4AD81F6CDB3F003DB19E /* QuizTests.swift in Sources */ = {isa = PBXBuildFile; fileRef = 7AAE4AD71F6CDB3F003DB19E /* QuizTests.swift */; };
		7AAE4AE31F6CDB3F003DB19E /* QuizUITests.swift in Sources */ = {isa = PBXBuildFile; fileRef = 7AAE4AE21F6CDB3F003DB19E /* QuizUITests.swift */; };
/* End PBXBuildFile section */

/* Begin PBXContainerItemProxy section */
		7AAE4AD41F6CDB3F003DB19E /* PBXContainerItemProxy */ = {
			isa = PBXContainerItemProxy;
			containerPortal = 7AAE4AB71F6CDB3E003DB19E /* Project object */;
			proxyType = 1;
			remoteGlobalIDString = 7AAE4ABE1F6CDB3E003DB19E;
			remoteInfo = Quiz;
		};
		7AAE4ADF1F6CDB3F003DB19E /* PBXContainerItemProxy */ = {
			isa = PBXContainerItemProxy;
			containerPortal = 7AAE4AB71F6CDB3E003DB19E /* Project object */;
			proxyType = 1;
			remoteGlobalIDString = 7AAE4ABE1F6CDB3E003DB19E;
			remoteInfo = Quiz;
		};
/* End PBXContainerItemProxy section */

/* Begin PBXFileReference section */
		7AAE4ABF1F6CDB3F003DB19E /* Quiz.app */ = {isa = PBXFileReference; explicitFileType = wrapper.application; includeInIndex = 0; path = Quiz.app; sourceTree = BUILT_PRODUCTS_DIR; };
		7AAE4AC21F6CDB3F003DB19E /* AppDelegate.swift */ = {isa = PBXFileReference; lastKnownFileType = sourcecode.swift; path = AppDelegate.swift; sourceTree = "<group>"; };
		7AAE4AC41F6CDB3F003DB19E /* ViewController.swift */ = {isa = PBXFileReference; lastKnownFileType = sourcecode.swift; path = ViewController.swift; sourceTree = "<group>"; };
		7AAE4AC71F6CDB3F003DB19E /* Base */ = {isa = PBXFileReference; lastKnownFileType = file.storyboard; name = Base; path = Base.lproj/Main.storyboard; sourceTree = "<group>"; };
		7AAE4AC91F6CDB3F003DB19E /* Assets.xcassets */ = {isa = PBXFileReference; lastKnownFileType = folder.assetcatalog; path = Assets.xcassets; sourceTree = "<group>"; };
		7AAE4ACC1F6CDB3F003DB19E /* Base */ = {isa = PBXFileReference; lastKnownFileType = file.storyboard; name = Base; path = Base.lproj/LaunchScreen.storyboard; sourceTree = "<group>"; };
		7AAE4ACE1F6CDB3F003DB19E /* Info.plist */ = {isa = PBXFileReference; lastKnownFileType = text.plist.xml; path = Info.plist; sourceTree = "<group>"; };
		7AAE4AD31F6CDB3F003DB19E /* QuizTests.xctest */ = {isa = PBXFileReference; explicitFileType = wrapper.cfbundle; includeInIndex = 0; path = QuizTests.xctest; sourceTree = BUILT_PRODUCTS_DIR; };
		7AAE4AD71F6CDB3F003DB19E /* QuizTests.swift */ = {isa = PBXFileReference; lastKnownFileType = sourcecode.swift; path = QuizTests.swift; sourceTree = "<group>"; };
		7AAE4AD91F6CDB3F003DB19E /* Info.plist */ = {isa = PBXFileReference; lastKnownFileType = text.plist.xml; path = Info.plist; sourceTree = "<group>"; };
		7AAE4ADE1F6CDB3F003DB19E /* QuizUITests.xctest */ = {isa = PBXFileReference; explicitFileType = wrapper.cfbundle; includeInIndex = 0; path = QuizUITests.xctest; sourceTree = BUILT_PRODUCTS_DIR; };
		7AAE4AE21F6CDB3F003DB19E /* QuizUITests.swift */ = {isa = PBXFileReference; lastKnownFileType = sourcecode.swift; path = QuizUITests.swift; sourceTree = "<group>"; };
		7AAE4AE41F6CDB3F003DB19E /* Info.plist */ = {isa = PBXFileReference; lastKnownFileType = text.plist.xml; path = Info.plist; sourceTree = "<group>"; };
/* End PBXFileReference section */

/* Begin PBXFrameworksBuildPhase section */
		7AAE4ABC1F6CDB3E003DB19E /* Frameworks */ = {
			isa = PBXFrameworksBuildPhase;
			buildActionMask = 2147483647;
			files = (
			);
			runOnlyForDeploymentPostprocessing = 0;
		};
		7AAE4AD01F6CDB3F003DB19E /* Frameworks */ = {
			isa = PBXFrameworksBuildPhase;
			buildActionMask = 2147483647;
			files = (
			);
			runOnlyForDeploymentPostprocessing = 0;
		};
		7AAE4ADB1F6CDB3F003DB19E /* Frameworks */ = {
			isa = PBXFrameworksBuildPhase;
			buildActionMask = 2147483647;
			files = (
			);
			runOnlyForDeploymentPostprocessing = 0;
		};
/* End PBXFrameworksBuildPhase section */

/* Begin PBXGroup section */
		7AAE4AB61F6CDB3E003DB19E = {
			isa = PBXGroup;
			children = (
				7AAE4AC11F6CDB3F003DB19E /* Quiz */,
				7AAE4AD61F6CDB3F003DB19E /* QuizTests */,
				7AAE4AE11F6CDB3F003DB19E /* QuizUITests */,
				7AAE4AC01F6CDB3F003DB19E /* Products */,
			);
			sourceTree = "<group>";
		};
		7AAE4AC01F6CDB3F003DB19E /* Products */ = {
			isa = PBXGroup;
			children = (
				7AAE4ABF1F6CDB3F003DB19E /* Quiz.app */,
				7AAE4AD31F6CDB3F003DB19E /* QuizTests.xctest */,
				7AAE4ADE1F6CDB3F003DB19E /* QuizUITests.xctest */,
			);
			name = Products;
			sourceTree = "<group>";
		};
		7AAE4AC11F6CDB3F003DB19E /* Quiz */ = {
			isa = PBXGroup;
			children = (
				7AAE4AC21F6CDB3F003DB19E /* AppDelegate.swift */,
				7AAE4AC41F6CDB3F003DB19E /* ViewController.swift */,
				7AAE4AC61F6CDB3F003DB19E /* Main.storyboard */,
				7AAE4AC91F6CDB3F003DB19E /* Assets.xcassets */,
				7AAE4ACB1F6CDB3F003DB19E /* LaunchScreen.storyboard */,
				7AAE4ACE1F6CDB3F003DB19E /* Info.plist */,
			);
			path = Quiz;
			sourceTree = "<group>";
		};
		7AAE4AD61F6CDB3F003DB19E /* QuizTests */ = {
			isa = PBXGroup;
			children = (
				7AAE4AD71F6CDB3F003DB19E /* QuizTests.swift */,
				7AAE4AD91F6CDB3F003DB19E /* Info.plist */,
			);
			path = QuizTests;
			sourceTree = "<group>";
		};
		7AAE4AE11F6CDB3F003DB19E /* QuizUITests */ = {
			isa = PBXGroup;
			children = (
				7AAE4AE21F6CDB3F003DB19E /* QuizUITests.swift */,
				7AAE4AE41F6CDB3F003DB19E /* Info.plist */,
			);
			path = QuizUITests;
			sourceTree = "<group>";
		};
/* End PBXGroup section */

/* Begin PBXNativeTarget section */
		7AAE4ABE1F6CDB3E003DB19E /* Quiz */ = {
			isa = PBXNativeTarget;
			buildConfigurationList = 7AAE4AE71F6CDB3F003DB19E /* Build configuration list for PBXNativeTarget "Quiz" */;
			buildPhases = (
				7AAE4ABB1F6CDB3E003DB19E /* Sources */,
				7AAE4ABC1F6CDB3E003DB19E /* Frameworks */,
				7AAE4ABD1F6CDB3E003DB19E /* Resources */,
			);
			buildRules = (
			);
			dependencies = (
			);
			name = Quiz;
			productName = Quiz;
			productReference = 7AAE4ABF1F6CDB3F003DB19E /* Quiz.app */;
			productType = "com.apple.product-type.application";
		};
		7AAE4AD21F6CDB3F003DB19E /* QuizTests */ = {
			isa = PBXNativeTarget;
			buildConfigurationList = 7AAE4AEA1F6CDB3F003DB19E /* Build configuration list for PBXNativeTarget "QuizTests" */;
			buildPhases = (
				7AAE4ACF1F6CDB3F003DB19E /* Sources */,
				7AAE4AD01F6CDB3F003DB19E /* Frameworks */,
				7AAE4AD11F6CDB3F003DB19E /* Resources */,
			);
			buildRules = (
			);
			dependencies = (
				7AAE4AD51F6CDB3F003DB19E /* PBXTargetDependency */,
			);
			name = QuizTests;
			productName = QuizTests;
			productReference = 7AAE4AD31F6CDB3F003DB19E /* QuizTests.xctest */;
			productType = "com.apple.product-type.bundle.unit-test";
		};
		7AAE4ADD1F6CDB3F003DB19E /* QuizUITests */ = {
			isa = PBXNativeTarget;
			buildConfigurationList = 7AAE4AED1F6CDB3F003DB19E /* Build configuration list for PBXNativeTarget "QuizUITests" */;
			buildPhases = (
				7AAE4ADA1F6CDB3F003DB19E /* Sources */,
				7AAE4ADB1F6CDB3F003DB19E /* Frameworks */,
				7AAE4ADC1F6CDB3F003DB19E /* Resources */,
			);
			buildRules = (
			);
			dependencies = (
				7AAE4AE01F6CDB3F003DB19E /* PBXTargetDependency */,
			);
			name = QuizUITests;
			productName = QuizUITests;
			productReference = 7AAE4ADE1F6CDB3F003DB19E /* QuizUITests.xctest */;
			productType = "com.apple.product-type.bundle.ui-testing";
		};
/* End PBXNativeTarget section */

/* Begin PBXProject section */
		7AAE4AB71F6CDB3E003DB19E /* Project object */ = {
			isa = PBXProject;
			attributes = {
				LastSwiftUpdateCheck = 0830;
				LastUpgradeCheck = 0830;
				ORGANIZATIONNAME = yeon;
				TargetAttributes = {
					7AAE4ABE1F6CDB3E003DB19E = {
						CreatedOnToolsVersion = 8.3.3;
						DevelopmentTeam = 8YUW62G748;
						ProvisioningStyle = Automatic;
					};
					7AAE4AD21F6CDB3F003DB19E = {
						CreatedOnToolsVersion = 8.3.3;
						DevelopmentTeam = 8YUW62G748;
						ProvisioningStyle = Automatic;
						TestTargetID = 7AAE4ABE1F6CDB3E003DB19E;
					};
					7AAE4ADD1F6CDB3F003DB19E = {
						CreatedOnToolsVersion = 8.3.3;
						DevelopmentTeam = 8YUW62G748;
						ProvisioningStyle = Automatic;
						TestTargetID = 7AAE4ABE1F6CDB3E003DB19E;
					};
				};
			};
			buildConfigurationList = 7AAE4ABA1F6CDB3E003DB19E /* Build configuration list for PBXProject "Quiz" */;
			compatibilityVersion = "Xcode 3.2";
			developmentRegion = English;
			hasScannedForEncodings = 0;
			knownRegions = (
				en,
				Base,
			);
			mainGroup = 7AAE4AB61F6CDB3E003DB19E;
			productRefGroup = 7AAE4AC01F6CDB3F003DB19E /* Products */;
			projectDirPath = "";
			projectRoot = "";
			targets = (
				7AAE4ABE1F6CDB3E003DB19E /* Quiz */,
				7AAE4AD21F6CDB3F003DB19E /* QuizTests */,
				7AAE4ADD1F6CDB3F003DB19E /* QuizUITests */,
			);
		};
/* End PBXProject section */

/* Begin PBXResourcesBuildPhase section */
		7AAE4ABD1F6CDB3E003DB19E /* Resources */ = {
			isa = PBXResourcesBuildPhase;
			buildActionMask = 2147483647;
			files = (
				7AAE4ACD1F6CDB3F003DB19E /* LaunchScreen.storyboard in Resources */,
				7AAE4ACA1F6CDB3F003DB19E /* Assets.xcassets in Resources */,
				7AAE4AC81F6CDB3F003DB19E /* Main.storyboard in Resources */,
			);
			runOnlyForDeploymentPostprocessing = 0;
		};
		7AAE4AD11F6CDB3F003DB19E /* Resources */ = {
			isa = PBXResourcesBuildPhase;
			buildActionMask = 2147483647;
			files = (
			);
			runOnlyForDeploymentPostprocessing = 0;
		};
		7AAE4ADC1F6CDB3F003DB19E /* Resources */ = {
			isa = PBXResourcesBuildPhase;
			buildActionMask = 2147483647;
			files = (
			);
			runOnlyForDeploymentPostprocessing = 0;
		};
/* End PBXResourcesBuildPhase section */

/* Begin PBXSourcesBuildPhase section */
		7AAE4ABB1F6CDB3E003DB19E /* Sources */ = {
			isa = PBXSourcesBuildPhase;
			buildActionMask = 2147483647;
			files = (
				7AAE4AC51F6CDB3F003DB19E /* ViewController.swift in Sources */,
				7AAE4AC31F6CDB3F003DB19E /* AppDelegate.swift in Sources */,
			);
			runOnlyForDeploymentPostprocessing = 0;
		};
		7AAE4ACF1F6CDB3F003DB19E /* Sources */ = {
			isa = PBXSourcesBuildPhase;
			buildActionMask = 2147483647;
			files = (
				7AAE4AD81F6CDB3F003DB19E /* QuizTests.swift in Sources */,
			);
			runOnlyForDeploymentPostprocessing = 0;
		};
		7AAE4ADA1F6CDB3F003DB19E /* Sources */ = {
			isa = PBXSourcesBuildPhase;
			buildActionMask = 2147483647;
			files = (
				7AAE4AE31F6CDB3F003DB19E /* QuizUITests.swift in Sources */,
			);
			runOnlyForDeploymentPostprocessing = 0;
		};
/* End PBXSourcesBuildPhase section */

/* Begin PBXTargetDependency section */
		7AAE4AD51F6CDB3F003DB19E /* PBXTargetDependency */ = {
			isa = PBXTargetDependency;
			target = 7AAE4ABE1F6CDB3E003DB19E /* Quiz */;
			targetProxy = 7AAE4AD41F6CDB3F003DB19E /* PBXContainerItemProxy */;
		};
		7AAE4AE01F6CDB3F003DB19E /* PBXTargetDependency */ = {
			isa = PBXTargetDependency;
			target = 7AAE4ABE1F6CDB3E003DB19E /* Quiz */;
			targetProxy = 7AAE4ADF1F6CDB3F003DB19E /* PBXContainerItemProxy */;
		};
/* End PBXTargetDependency section */

/* Begin PBXVariantGroup section */
		7AAE4AC61F6CDB3F003DB19E /* Main.storyboard */ = {
			isa = PBXVariantGroup;
			children = (
				7AAE4AC71F6CDB3F003DB19E /* Base */,
			);
			name = Main.storyboard;
			sourceTree = "<group>";
		};
		7AAE4ACB1F6CDB3F003DB19E /* LaunchScreen.storyboard */ = {
			isa = PBXVariantGroup;
			children = (
				7AAE4ACC1F6CDB3F003DB19E /* Base */,
			);
			name = LaunchScreen.storyboard;
			sourceTree = "<group>";
		};
/* End PBXVariantGroup section */

/* Begin XCBuildConfiguration section */
		7AAE4AE51F6CDB3F003DB19E /* Debug */ = {
			isa = XCBuildConfiguration;
			buildSettings = {
				ALWAYS_SEARCH_USER_PATHS = NO;
				CLANG_ANALYZER_NONNULL = YES;
				CLANG_ANALYZER_NUMBER_OBJECT_CONVERSION = YES_AGGRESSIVE;
				CLANG_CXX_LANGUAGE_STANDARD = "gnu++0x";
				CLANG_CXX_LIBRARY = "libc++";
				CLANG_ENABLE_MODULES = YES;
				CLANG_ENABLE_OBJC_ARC = YES;
				CLANG_WARN_BOOL_CONVERSION = YES;
				CLANG_WARN_CONSTANT_CONVERSION = YES;
				CLANG_WARN_DIRECT_OBJC_ISA_USAGE = YES_ERROR;
				CLANG_WARN_DOCUMENTATION_COMMENTS = YES;
				CLANG_WARN_EMPTY_BODY = YES;
				CLANG_WARN_ENUM_CONVERSION = YES;
				CLANG_WARN_INFINITE_RECURSION = YES;
				CLANG_WARN_INT_CONVERSION = YES;
				CLANG_WARN_OBJC_ROOT_CLASS = YES_ERROR;
				CLANG_WARN_SUSPICIOUS_MOVE = YES;
				CLANG_WARN_UNREACHABLE_CODE = YES;
				CLANG_WARN__DUPLICATE_METHOD_MATCH = YES;
				"CODE_SIGN_IDENTITY[sdk=iphoneos*]" = "iPhone Developer";
				COPY_PHASE_STRIP = NO;
				DEBUG_INFORMATION_FORMAT = dwarf;
				ENABLE_STRICT_OBJC_MSGSEND = YES;
				ENABLE_TESTABILITY = YES;
				GCC_C_LANGUAGE_STANDARD = gnu99;
				GCC_DYNAMIC_NO_PIC = NO;
				GCC_NO_COMMON_BLOCKS = YES;
				GCC_OPTIMIZATION_LEVEL = 0;
				GCC_PREPROCESSOR_DEFINITIONS = (
					"DEBUG=1",
					"$(inherited)",
				);
				GCC_WARN_64_TO_32_BIT_CONVERSION = YES;
				GCC_WARN_ABOUT_RETURN_TYPE = YES_ERROR;
				GCC_WARN_UNDECLARED_SELECTOR = YES;
				GCC_WARN_UNINITIALIZED_AUTOS = YES_AGGRESSIVE;
				GCC_WARN_UNUSED_FUNCTION = YES;
				GCC_WARN_UNUSED_VARIABLE = YES;
				IPHONEOS_DEPLOYMENT_TARGET = 10.3;
				MTL_ENABLE_DEBUG_INFO = YES;
				ONLY_ACTIVE_ARCH = YES;
				SDKROOT = iphoneos;
				SWIFT_ACTIVE_COMPILATION_CONDITIONS = DEBUG;
				SWIFT_OPTIMIZATION_LEVEL = "-Onone";
				TARGETED_DEVICE_FAMILY = "1,2";
			};
			name = Debug;
		};
		7AAE4AE61F6CDB3F003DB19E /* Release */ = {
			isa = XCBuildConfiguration;
			buildSettings = {
				ALWAYS_SEARCH_USER_PATHS = NO;
				CLANG_ANALYZER_NONNULL = YES;
				CLANG_ANALYZER_NUMBER_OBJECT_CONVERSION = YES_AGGRESSIVE;
				CLANG_CXX_LANGUAGE_STANDARD = "gnu++0x";
				CLANG_CXX_LIBRARY = "libc++";
				CLANG_ENABLE_MODULES = YES;
				CLANG_ENABLE_OBJC_ARC = YES;
				CLANG_WARN_BOOL_CONVERSION = YES;
				CLANG_WARN_CONSTANT_CONVERSION = YES;
				CLANG_WARN_DIRECT_OBJC_ISA_USAGE = YES_ERROR;
				CLANG_WARN_DOCUMENTATION_COMMENTS = YES;
				CLANG_WARN_EMPTY_BODY = YES;
				CLANG_WARN_ENUM_CONVERSION = YES;
				CLANG_WARN_INFINITE_RECURSION = YES;
				CLANG_WARN_INT_CONVERSION = YES;
				CLANG_WARN_OBJC_ROOT_CLASS = YES_ERROR;
				CLANG_WARN_SUSPICIOUS_MOVE = YES;
				CLANG_WARN_UNREACHABLE_CODE = YES;
				CLANG_WARN__DUPLICATE_METHOD_MATCH = YES;
				"CODE_SIGN_IDENTITY[sdk=iphoneos*]" = "iPhone Developer";
				COPY_PHASE_STRIP = NO;
				DEBUG_INFORMATION_FORMAT = "dwarf-with-dsym";
				ENABLE_NS_ASSERTIONS = NO;
				ENABLE_STRICT_OBJC_MSGSEND = YES;
				GCC_C_LANGUAGE_STANDARD = gnu99;
				GCC_NO_COMMON_BLOCKS = YES;
				GCC_WARN_64_TO_32_BIT_CONVERSION = YES;
				GCC_WARN_ABOUT_RETURN_TYPE = YES_ERROR;
				GCC_WARN_UNDECLARED_SELECTOR = YES;
				GCC_WARN_UNINITIALIZED_AUTOS = YES_AGGRESSIVE;
				GCC_WARN_UNUSED_FUNCTION = YES;
				GCC_WARN_UNUSED_VARIABLE = YES;
				IPHONEOS_DEPLOYMENT_TARGET = 10.3;
				MTL_ENABLE_DEBUG_INFO = NO;
				SDKROOT = iphoneos;
				SWIFT_OPTIMIZATION_LEVEL = "-Owholemodule";
				TARGETED_DEVICE_FAMILY = "1,2";
				VALIDATE_PRODUCT = YES;
			};
			name = Release;
		};
		7AAE4AE81F6CDB3F003DB19E /* Debug */ = {
			isa = XCBuildConfiguration;
			buildSettings = {
				ASSETCATALOG_COMPILER_APPICON_NAME = AppIcon;
				DEVELOPMENT_TEAM = 8YUW62G748;
				INFOPLIST_FILE = Quiz/Info.plist;
				LD_RUNPATH_SEARCH_PATHS = "$(inherited) @executable_path/Frameworks";
				PRODUCT_BUNDLE_IDENTIFIER = com.yeon.Quiz;
				PRODUCT_NAME = "$(TARGET_NAME)";
				SWIFT_VERSION = 3.0;
			};
			name = Debug;
		};
		7AAE4AE91F6CDB3F003DB19E /* Release */ = {
			isa = XCBuildConfiguration;
			buildSettings = {
				ASSETCATALOG_COMPILER_APPICON_NAME = AppIcon;
				DEVELOPMENT_TEAM = 8YUW62G748;
				INFOPLIST_FILE = Quiz/Info.plist;
				LD_RUNPATH_SEARCH_PATHS = "$(inherited) @executable_path/Frameworks";
				PRODUCT_BUNDLE_IDENTIFIER = com.yeon.Quiz;
				PRODUCT_NAME = "$(TARGET_NAME)";
				SWIFT_VERSION = 3.0;
			};
			name = Release;
		};
		7AAE4AEB1F6CDB3F003DB19E /* Debug */ = {
			isa = XCBuildConfiguration;
			buildSettings = {
				ALWAYS_EMBED_SWIFT_STANDARD_LIBRARIES = YES;
				BUNDLE_LOADER = "$(TEST_HOST)";
				DEVELOPMENT_TEAM = 8YUW62G748;
				INFOPLIST_FILE = QuizTests/Info.plist;
				LD_RUNPATH_SEARCH_PATHS = "$(inherited) @executable_path/Frameworks @loader_path/Frameworks";
				PRODUCT_BUNDLE_IDENTIFIER = com.yeon.QuizTests;
				PRODUCT_NAME = "$(TARGET_NAME)";
				SWIFT_VERSION = 3.0;
				TEST_HOST = "$(BUILT_PRODUCTS_DIR)/Quiz.app/Quiz";
			};
			name = Debug;
		};
		7AAE4AEC1F6CDB3F003DB19E /* Release */ = {
			isa = XCBuildConfiguration;
			buildSettings = {
				ALWAYS_EMBED_SWIFT_STANDARD_LIBRARIES = YES;
				BUNDLE_LOADER = "$(TEST_HOST)";
				DEVELOPMENT_TEAM = 8YUW62G748;
				INFOPLIST_FILE = QuizTests/Info.plist;
				LD_RUNPATH_SEARCH_PATHS = "$(inherited) @executable_path/Frameworks @loader_path/Frameworks";
				PRODUCT_BUNDLE_IDENTIFIER = com.yeon.QuizTests;
				PRODUCT_NAME = "$(TARGET_NAME)";
				SWIFT_VERSION = 3.0;
				TEST_HOST = "$(BUILT_PRODUCTS_DIR)/Quiz.app/Quiz";
			};
			name = Release;
		};
		7AAE4AEE1F6CDB3F003DB19E /* Debug */ = {
			isa = XCBuildConfiguration;
			buildSettings = {
				ALWAYS_EMBED_SWIFT_STANDARD_LIBRARIES = YES;
				DEVELOPMENT_TEAM = 8YUW62G748;
				INFOPLIST_FILE = QuizUITests/Info.plist;
				LD_RUNPATH_SEARCH_PATHS = "$(inherited) @executable_path/Frameworks @loader_path/Frameworks";
				PRODUCT_BUNDLE_IDENTIFIER = com.yeon.QuizUITests;
				PRODUCT_NAME = "$(TARGET_NAME)";
				SWIFT_VERSION = 3.0;
				TEST_TARGET_NAME = Quiz;
			};
			name = Debug;
		};
		7AAE4AEF1F6CDB3F003DB19E /* Release */ = {
			isa = XCBuildConfiguration;
			buildSettings = {
				ALWAYS_EMBED_SWIFT_STANDARD_LIBRARIES = YES;
				DEVELOPMENT_TEAM = 8YUW62G748;
				INFOPLIST_FILE = QuizUITests/Info.plist;
				LD_RUNPATH_SEARCH_PATHS = "$(inherited) @executable_path/Frameworks @loader_path/Frameworks";
				PRODUCT_BUNDLE_IDENTIFIER = com.yeon.QuizUITests;
				PRODUCT_NAME = "$(TARGET_NAME)";
				SWIFT_VERSION = 3.0;
				TEST_TARGET_NAME = Quiz;
			};
			name = Release;
		};
/* End XCBuildConfiguration section */

/* Begin XCConfigurationList section */
		7AAE4ABA1F6CDB3E003DB19E /* Build configuration list for PBXProject "Quiz" */ = {
			isa = XCConfigurationList;
			buildConfigurations = (
				7AAE4AE51F6CDB3F003DB19E /* Debug */,
				7AAE4AE61F6CDB3F003DB19E /* Release */,
			);
			defaultConfigurationIsVisible = 0;
			defaultConfigurationName = Release;
		};
		7AAE4AE71F6CDB3F003DB19E /* Build configuration list for PBXNativeTarget "Quiz" */ = {
			isa = XCConfigurationList;
			buildConfigurations = (
				7AAE4AE81F6CDB3F003DB19E /* Debug */,
				7AAE4AE91F6CDB3F003DB19E /* Release */,
			);
			defaultConfigurationIsVisible = 0;
		};
		7AAE4AEA1F6CDB3F003DB19E /* Build configuration list for PBXNativeTarget "QuizTests" */ = {
			isa = XCConfigurationList;
			buildConfigurations = (
				7AAE4AEB1F6CDB3F003DB19E /* Debug */,
				7AAE4AEC1F6CDB3F003DB19E /* Release */,
			);
			defaultConfigurationIsVisible = 0;
		};
		7AAE4AED1F6CDB3F003DB19E /* Build configuration list for PBXNativeTarget "QuizUITests" */ = {
			isa = XCConfigurationList;
			buildConfigurations = (
				7AAE4AEE1F6CDB3F003DB19E /* Debug */,
				7AAE4AEF1F6CDB3F003DB19E /* Release */,
			);
			defaultConfigurationIsVisible = 0;
		};
/* End XCConfigurationList section */
	};
	rootObject = 7AAE4AB71F6CDB3E003DB19E /* Project object */;
}
